
Microsoft Visual Studio Solution File, Format Version 12.00
# Visual Studio Version 16
VisualStudioVersion = 16.0.29418.71
MinimumVisualStudioVersion = 10.0.40219.1
Project("{9A19103F-16F7-4668-BE54-9A1E7A4F7556}") = "InterfaceLibrary", "InterfaceLibrary\InterfaceLibrary.csproj", "{E1FF3DD2-9805-45E0-A729-95CD2BCDC64F}"
EndProject
Project("{9A19103F-16F7-4668-BE54-9A1E7A4F7556}") = "SeoEntitiesImplementations", "SeoEntitiesImplementations\SeoEntitiesImplementations.csproj", "{96100664-5DE8-431C-8F56-D19E98FC77E8}"
EndProject
Project("{9A19103F-16F7-4668-BE54-9A1E7A4F7556}") = "Workers", "Utilities\Workers.csproj", "{8BB2A767-90FE-4D14-8E97-6ABE31766579}"
EndProject
Project("{9A19103F-16F7-4668-BE54-9A1E7A4F7556}") = "Constants", "Constants\Constants.csproj", "{51F289BC-92A3-4A05-835F-D73D77FE341B}"
EndProject
Project("{FAE04EC0-301F-11D3-BF4B-00C04F79EFBC}") = "UnitTests", "UnitTests\UnitTests.csproj", "{EB67034D-1FE4-46FA-8319-28594D2725CA}"
EndProject
Project("{FAE04EC0-301F-11D3-BF4B-00C04F79EFBC}") = "Orchestration", "Orchestration\Orchestration.csproj", "{9560AFD4-780C-44A3-A4CE-D2897C7A3FE5}"
EndProject
Project("{FAE04EC0-301F-11D3-BF4B-00C04F79EFBC}") = "GoogleSeoEngine", "GoogleSeoEngine\GoogleSeoEngine.csproj", "{16FC45BF-601A-4DF7-92DE-4FFD7B282623}"
EndProject
Project("{FAE04EC0-301F-11D3-BF4B-00C04F79EFBC}") = "GoogleSeoAPI", "GoogleSeoAPI\GoogleSeoAPI.csproj", "{149C8E6E-D7FC-441D-9C4A-9F1A87A59F63}"
EndProject
Project("{FAE04EC0-301F-11D3-BF4B-00C04F79EFBC}") = "ConfigureDependencies", "ConfigureDependencies\ConfigureDependencies.csproj", "{96A133C0-E415-43CA-8D00-9A4AAFC2B0CD}"
EndProject
Project("{FAE04EC0-301F-11D3-BF4B-00C04F79EFBC}") = "SeoFactory", "SeoFactory\SeoFactory.csproj", "{BACC961F-D171-4BF4-A49C-4319A5421F8F}"
EndProject
Project("{FAE04EC0-301F-11D3-BF4B-00C04F79EFBC}") = "SeoCEOApplication", "SeoCEOApplication\SeoCEOApplication.csproj", "{C07BD2F8-7BFB-41C9-A4C5-45F01BCF1E03}"
EndProject
Global
	GlobalSection(SolutionConfigurationPlatforms) = preSolution
		Debug|Any CPU = Debug|Any CPU
		Release|Any CPU = Release|Any CPU
	EndGlobalSection
	GlobalSection(ProjectConfigurationPlatforms) = postSolution
		{E1FF3DD2-9805-45E0-A729-95CD2BCDC64F}.Debug|Any CPU.ActiveCfg = Debug|Any CPU
		{E1FF3DD2-9805-45E0-A729-95CD2BCDC64F}.Debug|Any CPU.Build.0 = Debug|Any CPU
		{E1FF3DD2-9805-45E0-A729-95CD2BCDC64F}.Release|Any CPU.ActiveCfg = Release|Any CPU
		{E1FF3DD2-9805-45E0-A729-95CD2BCDC64F}.Release|Any CPU.Build.0 = Release|Any CPU
		{96100664-5DE8-431C-8F56-D19E98FC77E8}.Debug|Any CPU.ActiveCfg = Debug|Any CPU
		{96100664-5DE8-431C-8F56-D19E98FC77E8}.Debug|Any CPU.Build.0 = Debug|Any CPU
		{96100664-5DE8-431C-8F56-D19E98FC77E8}.Release|Any CPU.ActiveCfg = Release|Any CPU
		{96100664-5DE8-431C-8F56-D19E98FC77E8}.Release|Any CPU.Build.0 = Release|Any CPU
		{8BB2A767-90FE-4D14-8E97-6ABE31766579}.Debug|Any CPU.ActiveCfg = Debug|Any CPU
		{8BB2A767-90FE-4D14-8E97-6ABE31766579}.Debug|Any CPU.Build.0 = Debug|Any CPU
		{8BB2A767-90FE-4D14-8E97-6ABE31766579}.Release|Any CPU.ActiveCfg = Release|Any CPU
		{8BB2A767-90FE-4D14-8E97-6ABE31766579}.Release|Any CPU.Build.0 = Release|Any CPU
		{51F289BC-92A3-4A05-835F-D73D77FE341B}.Debug|Any CPU.ActiveCfg = Debug|Any CPU
		{51F289BC-92A3-4A05-835F-D73D77FE341B}.Debug|Any CPU.Build.0 = Debug|Any CPU
		{51F289BC-92A3-4A05-835F-D73D77FE341B}.Release|Any CPU.ActiveCfg = Release|Any CPU
		{51F289BC-92A3-4A05-835F-D73D77FE341B}.Release|Any CPU.Build.0 = Release|Any CPU
		{EB67034D-1FE4-46FA-8319-28594D2725CA}.Debug|Any CPU.ActiveCfg = Debug|Any CPU
		{EB67034D-1FE4-46FA-8319-28594D2725CA}.Debug|Any CPU.Build.0 = Debug|Any CPU
		{EB67034D-1FE4-46FA-8319-28594D2725CA}.Release|Any CPU.ActiveCfg = Release|Any CPU
		{EB67034D-1FE4-46FA-8319-28594D2725CA}.Release|Any CPU.Build.0 = Release|Any CPU
		{9560AFD4-780C-44A3-A4CE-D2897C7A3FE5}.Debug|Any CPU.ActiveCfg = Debug|Any CPU
		{9560AFD4-780C-44A3-A4CE-D2897C7A3FE5}.Debug|Any CPU.Build.0 = Debug|Any CPU
		{9560AFD4-780C-44A3-A4CE-D2897C7A3FE5}.Release|Any CPU.ActiveCfg = Release|Any CPU
		{9560AFD4-780C-44A3-A4CE-D2897C7A3FE5}.Release|Any CPU.Build.0 = Release|Any CPU
		{16FC45BF-601A-4DF7-92DE-4FFD7B282623}.Debug|Any CPU.ActiveCfg = Debug|Any CPU
		{16FC45BF-601A-4DF7-92DE-4FFD7B282623}.Debug|Any CPU.Build.0 = Debug|Any CPU
		{16FC45BF-601A-4DF7-92DE-4FFD7B282623}.Release|Any CPU.ActiveCfg = Release|Any CPU
		{16FC45BF-601A-4DF7-92DE-4FFD7B282623}.Release|Any CPU.Build.0 = Release|Any CPU
		{149C8E6E-D7FC-441D-9C4A-9F1A87A59F63}.Debug|Any CPU.ActiveCfg = Debug|Any CPU
		{149C8E6E-D7FC-441D-9C4A-9F1A87A59F63}.Debug|Any CPU.Build.0 = Debug|Any CPU
		{149C8E6E-D7FC-441D-9C4A-9F1A87A59F63}.Release|Any CPU.ActiveCfg = Release|Any CPU
		{149C8E6E-D7FC-441D-9C4A-9F1A87A59F63}.Release|Any CPU.Build.0 = Release|Any CPU
		{96A133C0-E415-43CA-8D00-9A4AAFC2B0CD}.Debug|Any CPU.ActiveCfg = Debug|Any CPU
		{96A133C0-E415-43CA-8D00-9A4AAFC2B0CD}.Debug|Any CPU.Build.0 = Debug|Any CPU
		{96A133C0-E415-43CA-8D00-9A4AAFC2B0CD}.Release|Any CPU.ActiveCfg = Release|Any CPU
		{96A133C0-E415-43CA-8D00-9A4AAFC2B0CD}.Release|Any CPU.Build.0 = Release|Any CPU
		{BACC961F-D171-4BF4-A49C-4319A5421F8F}.Debug|Any CPU.ActiveCfg = Debug|Any CPU
		{BACC961F-D171-4BF4-A49C-4319A5421F8F}.Debug|Any CPU.Build.0 = Debug|Any CPU
		{BACC961F-D171-4BF4-A49C-4319A5421F8F}.Release|Any CPU.ActiveCfg = Release|Any CPU
		{BACC961F-D171-4BF4-A49C-4319A5421F8F}.Release|Any CPU.Build.0 = Release|Any CPU
		{C07BD2F8-7BFB-41C9-A4C5-45F01BCF1E03}.Debug|Any CPU.ActiveCfg = Debug|Any CPU
		{C07BD2F8-7BFB-41C9-A4C5-45F01BCF1E03}.Debug|Any CPU.Build.0 = Debug|Any CPU
		{C07BD2F8-7BFB-41C9-A4C5-45F01BCF1E03}.Release|Any CPU.ActiveCfg = Release|Any CPU
		{C07BD2F8-7BFB-41C9-A4C5-45F01BCF1E03}.Release|Any CPU.Build.0 = Release|Any CPU
	EndGlobalSection
	GlobalSection(SolutionProperties) = preSolution
		HideSolutionNode = FALSE
	EndGlobalSection
	GlobalSection(ExtensibilityGlobals) = postSolution
		SolutionGuid = {E7E87A87-1561-4DE9-AAF4-BDB7A6F9823D}
	EndGlobalSection
EndGlobal
